
Microsoft Visual Studio Solution File, Format Version 12.00
# Visual Studio Version 16
VisualStudioVersion = 16.0.31205.134
MinimumVisualStudioVersion = 10.0.40219.1
Project("{9A19103F-16F7-4668-BE54-9A1E7A4F7556}") = "FinanceApp", "FinanceApp\FinanceApp.csproj", "{FE3FD855-888B-446A-A459-41A3E493E16E}"
EndProject
Global
	GlobalSection(SolutionConfigurationPlatforms) = preSolution
		Debug|Any CPU = Debug|Any CPU
		Release|Any CPU = Release|Any CPU
	EndGlobalSection
	GlobalSection(ProjectConfigurationPlatforms) = postSolution
		{FE3FD855-888B-446A-A459-41A3E493E16E}.Debug|Any CPU.ActiveCfg = Debug|Any CPU
		{FE3FD855-888B-446A-A459-41A3E493E16E}.Debug|Any CPU.Build.0 = Debug|Any CPU
		{FE3FD855-888B-446A-A459-41A3E493E16E}.Release|Any CPU.ActiveCfg = Release|Any CPU
		{FE3FD855-888B-446A-A459-41A3E493E16E}.Release|Any CPU.Build.0 = Release|Any CPU
	EndGlobalSection
	GlobalSection(SolutionProperties) = preSolution
		HideSolutionNode = FALSE
	EndGlobalSection
	GlobalSection(ExtensibilityGlobals) = postSolution
		SolutionGuid = {54B1A064-2F3F-45F5-B049-2CCA0B1905C1}
	EndGlobalSection
EndGlobal
